{
  "name": "frontend",
  "lockfileVersion": 2,
  "requires": true,
  "packages": {
    "": {
      "dependencies": {
        "@splidejs/react-splide": "^0.6.17"
      }
    },
    "node_modules/@splidejs/react-splide": {
      "version": "0.6.17",
      "resolved": "https://registry.npmjs.org/@splidejs/react-splide/-/react-splide-0.6.17.tgz",
      "integrity": "sha512-OTFMUIoYTLYKG2iNjy//7w145YrgIpLw34Sb0ya2LZEJbVjUzkKfd7E1o9RD9d9GyVB0c7sVfxkygTAXyTopKg==",
      "dependencies": {
        "@splidejs/splide": "^3.6.9"
      }
    },
    "node_modules/@splidejs/splide": {
      "version": "3.6.9",
      "resolved": "https://registry.npmjs.org/@splidejs/splide/-/splide-3.6.9.tgz",
      "integrity": "sha512-uQXmn0NUrlOhBCYJ8Qy4ZbCOu/fY7nTkEQUIjoKpuY10UJu1pddHquI/pmMCh/oIjhxDQFVd7TnDMq5m7JDdZA=="
    }
  },
  "dependencies": {
    "@splidejs/react-splide": {
      "version": "0.6.17",
      "resolved": "https://registry.npmjs.org/@splidejs/react-splide/-/react-splide-0.6.17.tgz",
      "integrity": "sha512-OTFMUIoYTLYKG2iNjy//7w145YrgIpLw34Sb0ya2LZEJbVjUzkKfd7E1o9RD9d9GyVB0c7sVfxkygTAXyTopKg==",
      "requires": {
        "@splidejs/splide": "^3.6.9"
      }
    },
    "@splidejs/splide": {
      "version": "3.6.9",
      "resolved": "https://registry.npmjs.org/@splidejs/splide/-/splide-3.6.9.tgz",
      "integrity": "sha512-uQXmn0NUrlOhBCYJ8Qy4ZbCOu/fY7nTkEQUIjoKpuY10UJu1pddHquI/pmMCh/oIjhxDQFVd7TnDMq5m7JDdZA=="
    }
  }
}
